# THIS IS AN AUTOGENERATED FILE. DO NOT EDIT THIS FILE DIRECTLY.
# yarn lockfile v1


paytmchecksum@^1.5.1:
  version "1.5.1"
  resolved "https://registry.yarnpkg.com/paytmchecksum/-/paytmchecksum-1.5.1.tgz#54019b06b9c01279680c8a0625fe08a90ef4d8ae"
  integrity sha512-RnimtEcnP3b7FiakPYkyO416UubaUflG5e2HlM2UYhryZ9wXwoRZ5k8XEK4wxaK+d7qIzWDMFUo1LICgaU+J0A==
